{
    "_meta": {
        "hash": {
            "sha256": "06a73c821129b1ae50b90e093bcc170a11a589de68fa5cb8907234908368f8ff"
        },
        "pipfile-spec": 6,
        "requires": {
            "python_version": "3.10"
        },
        "sources": [
            {
                "name": "pypi",
                "url": "https://pypi.org/simple",
                "verify_ssl": true
            }
        ]
    },
    "default": {
        "aniso8601": {
            "hashes": [
                "sha256:1d2b7ef82963909e93c4f24ce48d4de9e66009a21bf1c1e1c85bdd0812fe412f",
                "sha256:72e3117667eedf66951bb2d93f4296a56b94b078a8a95905a052611fb3f1b973"
            ],
            "index": "pypi",
            "version": "==9.0.1"
        },
        "attrs": {
            "hashes": [
                "sha256:2d27e3784d7a565d36ab851fe94887c5eccd6a463168875832a1be79c82828b4",
                "sha256:626ba8234211db98e869df76230a137c4c40a12d72445c45d5f5b716f076e2fd"
            ],
            "index": "pypi",
            "version": "==21.4.0"
        },
        "beautifulsoup4": {
            "hashes": [
                "sha256:9a315ce70049920ea4572a4055bc4bd700c940521d36fc858205ad4fcde149bf",
                "sha256:c23ad23c521d818955a4151a67d81580319d4bf548d3d49f4223ae041ff98891"
            ],
            "index": "pypi",
            "version": "==4.10.0"
        },
        "bs4": {
            "hashes": [
                "sha256:36ecea1fd7cc5c0c6e4a1ff075df26d50da647b75376626cc186e2212886dd3a"
            ],
            "index": "pypi",
            "version": "==0.0.1"
        },
        "certifi": {
            "hashes": [
                "sha256:78884e7c1d4b00ce3cea67b44566851c4343c120abd683433ce934a68ea58872",
                "sha256:d62a0163eb4c2344ac042ab2bdf75399a71a2d8c7d47eac2e2ee91b9d6339569"
            ],
            "index": "pypi",
            "version": "==2021.10.8"
        },
        "charset-normalizer": {
            "hashes": [
                "sha256:2857e29ff0d34db842cd7ca3230549d1a697f96ee6d3fb071cfa6c7393832597",
                "sha256:6881edbebdb17b39b4eaaa821b438bf6eddffb4468cf344f09f89def34a8b1df"
            ],
            "index": "pypi",
            "version": "==2.0.12"
        },
        "click": {
            "hashes": [
                "sha256:6a7a62563bbfabfda3a38f3023a1db4a35978c0abd76f6c9605ecd6554d6d9b1",
                "sha256:8458d7b1287c5fb128c90e23381cf99dcde74beaf6c7ff6384ce84d6fe090adb"
            ],
            "index": "pypi",
            "version": "==8.0.4"
        },
        "faker": {
            "hashes": [
                "sha256:188961065fb5c78ea639f42176f55100f72c90c3a3179ac6c955c4bd712b0511",
                "sha256:7758ece2593ce603db117db3d27393c31f4af03f783e176f3f0e14839a4f3426"
            ],
            "markers": "python_version >= '3.6'",
            "version": "==13.3.4"
        },
        "flask": {
            "hashes": [
                "sha256:59da8a3170004800a2837844bfa84d49b022550616070f7cb1a659682b2e7c9f",
                "sha256:e1120c228ca2f553b470df4a5fa927ab66258467526069981b3eb0a91902687d"
            ],
            "index": "pypi",
            "version": "==2.0.3"
        },
        "flask-restful": {
            "hashes": [
                "sha256:4970c49b6488e46c520b325f54833374dc2b98e211f1b272bd4b0c516232afe2",
                "sha256:ccec650b835d48192138c85329ae03735e6ced58e9b2d9c2146d6c84c06fa53e"
            ],
            "index": "pypi",
            "version": "==0.3.9"
        },
        "greenlet": {
            "hashes": [
                "sha256:0051c6f1f27cb756ffc0ffbac7d2cd48cb0362ac1736871399a739b2885134d3",
                "sha256:00e44c8afdbe5467e4f7b5851be223be68adb4272f44696ee71fe46b7036a711",
                "sha256:013d61294b6cd8fe3242932c1c5e36e5d1db2c8afb58606c5a67efce62c1f5fd",
                "sha256:049fe7579230e44daef03a259faa24511d10ebfa44f69411d99e6a184fe68073",
                "sha256:14d4f3cd4e8b524ae9b8aa567858beed70c392fdec26dbdb0a8a418392e71708",
                "sha256:166eac03e48784a6a6e0e5f041cfebb1ab400b394db188c48b3a84737f505b67",
                "sha256:17ff94e7a83aa8671a25bf5b59326ec26da379ace2ebc4411d690d80a7fbcf23",
                "sha256:1e12bdc622676ce47ae9abbf455c189e442afdde8818d9da983085df6312e7a1",
                "sha256:21915eb821a6b3d9d8eefdaf57d6c345b970ad722f856cd71739493ce003ad08",
                "sha256:288c6a76705dc54fba69fbcb59904ae4ad768b4c768839b8ca5fdadec6dd8cfd",
                "sha256:2bde6792f313f4e918caabc46532aa64aa27a0db05d75b20edfc5c6f46479de2",
                "sha256:32ca72bbc673adbcfecb935bb3fb1b74e663d10a4b241aaa2f5a75fe1d1f90aa",
                "sha256:356b3576ad078c89a6107caa9c50cc14e98e3a6c4874a37c3e0273e4baf33de8",
                "sha256:40b951f601af999a8bf2ce8c71e8aaa4e8c6f78ff8afae7b808aae2dc50d4c40",
                "sha256:572e1787d1460da79590bf44304abbc0a2da944ea64ec549188fa84d89bba7ab",
                "sha256:58df5c2a0e293bf665a51f8a100d3e9956febfbf1d9aaf8c0677cf70218910c6",
                "sha256:64e6175c2e53195278d7388c454e0b30997573f3f4bd63697f88d855f7a6a1fc",
                "sha256:7227b47e73dedaa513cdebb98469705ef0d66eb5a1250144468e9c3097d6b59b",
                "sha256:7418b6bfc7fe3331541b84bb2141c9baf1ec7132a7ecd9f375912eca810e714e",
                "sha256:7cbd7574ce8e138bda9df4efc6bf2ab8572c9aff640d8ecfece1b006b68da963",
                "sha256:7ff61ff178250f9bb3cd89752df0f1dd0e27316a8bd1465351652b1b4a4cdfd3",
                "sha256:833e1551925ed51e6b44c800e71e77dacd7e49181fdc9ac9a0bf3714d515785d",
                "sha256:8639cadfda96737427330a094476d4c7a56ac03de7265622fcf4cfe57c8ae18d",
                "sha256:8c5d5b35f789a030ebb95bff352f1d27a93d81069f2adb3182d99882e095cefe",
                "sha256:8c790abda465726cfb8bb08bd4ca9a5d0a7bd77c7ac1ca1b839ad823b948ea28",
                "sha256:8d2f1fb53a421b410751887eb4ff21386d119ef9cde3797bf5e7ed49fb51a3b3",
                "sha256:903bbd302a2378f984aef528f76d4c9b1748f318fe1294961c072bdc7f2ffa3e",
                "sha256:93f81b134a165cc17123626ab8da2e30c0455441d4ab5576eed73a64c025b25c",
                "sha256:95e69877983ea39b7303570fa6760f81a3eec23d0e3ab2021b7144b94d06202d",
                "sha256:9633b3034d3d901f0a46b7939f8c4d64427dfba6bbc5a36b1a67364cf148a1b0",
                "sha256:97e5306482182170ade15c4b0d8386ded995a07d7cc2ca8f27958d34d6736497",
                "sha256:9f3cba480d3deb69f6ee2c1825060177a22c7826431458c697df88e6aeb3caee",
                "sha256:aa5b467f15e78b82257319aebc78dd2915e4c1436c3c0d1ad6f53e47ba6e2713",
                "sha256:abb7a75ed8b968f3061327c433a0fbd17b729947b400747c334a9c29a9af6c58",
                "sha256:aec52725173bd3a7b56fe91bc56eccb26fbdff1386ef123abb63c84c5b43b63a",
                "sha256:b11548073a2213d950c3f671aa88e6f83cda6e2fb97a8b6317b1b5b33d850e06",
                "sha256:b1692f7d6bc45e3200844be0dba153612103db241691088626a33ff1f24a0d88",
                "sha256:b336501a05e13b616ef81ce329c0e09ac5ed8c732d9ba7e3e983fcc1a9e86965",
                "sha256:b8c008de9d0daba7b6666aa5bbfdc23dcd78cafc33997c9b7741ff6353bafb7f",
                "sha256:b92e29e58bef6d9cfd340c72b04d74c4b4e9f70c9fa7c78b674d1fec18896dc4",
                "sha256:be5f425ff1f5f4b3c1e33ad64ab994eed12fc284a6ea71c5243fd564502ecbe5",
                "sha256:dd0b1e9e891f69e7675ba5c92e28b90eaa045f6ab134ffe70b52e948aa175b3c",
                "sha256:e30f5ea4ae2346e62cedde8794a56858a67b878dd79f7df76a0767e356b1744a",
                "sha256:e6a36bb9474218c7a5b27ae476035497a6990e21d04c279884eb10d9b290f1b1",
                "sha256:e859fcb4cbe93504ea18008d1df98dee4f7766db66c435e4882ab35cf70cac43",
                "sha256:eb6ea6da4c787111adf40f697b4e58732ee0942b5d3bd8f435277643329ba627",
                "sha256:ec8c433b3ab0419100bd45b47c9c8551248a5aee30ca5e9d399a0b57ac04651b",
                "sha256:eff9d20417ff9dcb0d25e2defc2574d10b491bf2e693b4e491914738b7908168",
                "sha256:f0214eb2a23b85528310dad848ad2ac58e735612929c8072f6093f3585fd342d",
                "sha256:f276df9830dba7a333544bd41070e8175762a7ac20350786b322b714b0e654f5",
                "sha256:f3acda1924472472ddd60c29e5b9db0cec629fbe3c5c5accb74d6d6d14773478",
                "sha256:f70a9e237bb792c7cc7e44c531fd48f5897961701cdaa06cf22fc14965c496cf",
                "sha256:f9d29ca8a77117315101425ec7ec2a47a22ccf59f5593378fc4077ac5b754fce",
                "sha256:fa877ca7f6b48054f847b61d6fa7bed5cebb663ebc55e018fda12db09dcc664c",
                "sha256:fdcec0b8399108577ec290f55551d926d9a1fa6cad45882093a7a07ac5ec147b"
            ],
            "index": "pypi",
            "version": "==1.1.2"
        },
        "idna": {
            "hashes": [
                "sha256:84d9dd047ffa80596e0f246e2eab0b391788b0503584e8945f2368256d2735ff",
                "sha256:9d643ff0a55b762d5cdb124b8eaa99c66322e2157b69160bc32796e824360e6d"
            ],
            "index": "pypi",
            "version": "==3.3"
        },
        "iniconfig": {
            "hashes": [
                "sha256:011e24c64b7f47f6ebd835bb12a743f2fbe9a26d4cecaa7f53bc4f35ee9da8b3",
                "sha256:bc3af051d7d14b2ee5ef9969666def0cd1a000e121eaea580d4a313df4b37f32"
            ],
            "index": "pypi",
            "version": "==1.1.1"
        },
        "install": {
            "hashes": [
                "sha256:0d3fadf4aa62c95efe8d34757c8507eb46177f86c016c21c6551eafc6a53d5a9",
                "sha256:e67c8a0be5ccf8cb4ffa17d090f3a61b6e820e6a7e21cd1d2c0f7bc59b18e647"
            ],
            "index": "pypi",
            "version": "==1.3.5"
        },
        "itsdangerous": {
            "hashes": [
                "sha256:7b7d3023cd35d9cb0c1fd91392f8c95c6fa02c59bf8ad64b8849be3401b95afb",
                "sha256:935642cd4b987cdbee7210080004033af76306757ff8b4c0a506a4b6e06f02cf"
            ],
            "index": "pypi",
            "version": "==2.1.1"
        },
        "jarowinkler": {
            "hashes": [
                "sha256:012a8333328ce061cba1ff081843c8d80eb1afe8fa2889ad29d767ea3fdc7562",
                "sha256:01f85abb75fa43e98db34853d35570d98495ee2fcbbf45a93838e0289c162f19",
                "sha256:02b0bf34ffc2995b695d9b10d2f18c1c447fbbdb7c913a84a0a48c186ccca3b8",
                "sha256:0320f7187dced1ad413bf2c3631ec47567e65dfdea92c523aafb2c085ae15035",
                "sha256:0392b72ddb5ab5d6c1d5df94dbdac7bf229670e5e64b2b9a382d02d6158755e5",
                "sha256:04f18a7398766b36ffbe4bcd26d34fcd6ed01f4f2f7eea13e316e6cca0e10c98",
                "sha256:08c98387e04e749c84cc967db628e5047843f19f87bf515a35b72f7050bc28ad",
                "sha256:0a1929a0029f208cc9244499dc93b4d52ee8e80d2849177d425cf6e0be1ea781",
                "sha256:0c1a84e770b3ec7385a4f40efb30bdc96f96844564f91f8d3937d54a8969d82c",
                "sha256:0f33b6b1687db1be1abba60850628ee71547501592fcf3504e021274bc5ccb7a",
                "sha256:123163f01a5c43f12e4294e7ce567607d859e1446b1a43bd6cd404b3403ffa07",
                "sha256:141840f33345b00abd611839080edc99d4d31abd2dcf701a3e50c90f9bfb2383",
                "sha256:158f117481388f8d23fe4bd2567f37be0ccae0f4631c34e4b0345803147da207",
                "sha256:199f4f7edbc49439a97440caa1e244d2e33da3e16d7b0afce4e4dfd307e555c7",
                "sha256:208fc49741db5d3e6bbd4a2f7b32d32644b462bf205e7510eca4e2d530225f03",
                "sha256:2220665a1f52262ae8b76e3baf474ebcd209bfcb6a7cada346ffd62818f5aa3e",
                "sha256:278595417974553a8fdf3c8cce5c2b4f859335344075b870ecb55cc416eb76cf",
                "sha256:27defe81d76e02b3929322baea999f5232837e7f308c2dc5b37de7568c2bc583",
                "sha256:29ef1113697cc74c2f04bc15008abbd726cb2d5b01c040ba87c6cb7abd1d0e0d",
                "sha256:2ba1b1b0bf45042a9bbb95d272fd8b0c559fe8f6806f088ec0372899e1bc6224",
                "sha256:30565d70396eb9d1eb622e1e707ddc2f3b7a9692558b8bf4ea49415a5ca2f854",
                "sha256:32269ebbcb860f01c055d9bb145b4cc91990f62c7644a85b21458b4868621113",
                "sha256:33a24b380e2c076eabf2d3e12eee56b6bf10b1f326444e18c36a495387dbf0de",
                "sha256:3421120c07ee6d3f59c5adde32eb9a050cfd1b3666b0e2d8c337d934a9d091f9",
                "sha256:35fc430c11b80a43ed826879c78c4197ec665d5150745b3668bec961acf8a757",
                "sha256:3975cbe8b6ae13fc63d74bcbed8dac1577078d8cd8728e60621fe75885d2a8c5",
                "sha256:3b5a0839e84f5ff914b01b5b94d0273954affce9cc2b2ee2c31fe2fcb9c8ae76",
                "sha256:401c02ac7245103826f54c816324274f53d50b638ab0f8b359a13055a7a6e793",
                "sha256:427c675b4f3e83c79a4b6af7441f29e30a173c7a0ae72a54f51090eee7a8ae02",
                "sha256:43ea0155379df92021af0f4a32253be3953dfa0f050ec3515f314b8f48a96674",
                "sha256:465cfdff355ec9c55f65fd1e1315260ec20c8cff0eb90d9f1a0ad8d503dc002b",
                "sha256:473b057d7e5a0f5e5b8c0e0f7960d3ca2f2954c3c93fd7a9fb2cc4bc3cc940fb",
                "sha256:4ab25d147be9b04e7de2d28a18e72fadc152698c3e51683c6c61f73ffbae2f9e",
                "sha256:4b233180b3e2f2d7967aa570d36984e9d2ec5a9067c0d1c44cd3b805d9da9363",
                "sha256:4cb33f4343774d69abf8cf65ad57919e7a171c44ba6ad57b08147c3f0f06b073",
                "sha256:4d1c8f403016d5c0262de7a8588eee370c37a609e1f529f8407e99a70d020af7",
                "sha256:582f6e213a6744883ced44482a51efcc21ae632defac27f12f6430a8e99b1070",
                "sha256:58bc6a8f01b0dfdf3721f9a4954060addeccf8bbe5e72a71cf23a88ce0d30440",
                "sha256:5b380afce6cdc25a4dafd86874f07a393800577c05335c6ad67ccda41db95c60",
                "sha256:5b9332dcc8130af4101c9752a03e977c54b8c12982a2a3ca4c2e4cc542accc00",
                "sha256:61b57c8b36361ec889f99f761441bb0fa21b850a5eb3305dea25fef68f6a797b",
                "sha256:657f50204970fac8f120c293e52a3451b742c9b26125010405ec7365cb6e2a49",
                "sha256:662dd6f59cca536640be0cda32c901989504d95316b192e6aa41d098fa08c795",
                "sha256:679ec7a42f70baa61f3a214d1b59cec90fc036021c759722075efcc8697e7b1f",
                "sha256:6c9d3a9ef008428b5dce2855eebe2b6127ea7a7e433aedf240653fad4bd4baa6",
                "sha256:71772fcd787e0286b779de0f1bef1e0a25deb4578328c0fc633bc345f13ffd20",
                "sha256:788ac33e6ffdbd78fd913b481e37cfa149288575f087a1aae1a4ce219cb1c654",
                "sha256:895a10766ff3db15e7cf2b735e4277bee051eaafb437aaaef2c5de64a5c3f05c",
                "sha256:8b1288a09a8d100e9bf7cf9ce1329433db73a0d0350d74c2c6f5c31ac69096cf",
                "sha256:8e59a289dcf93504ab92795666c39b2dbe98ac18655201992a7e6247de676bf4",
                "sha256:90a7f3fd173339bc62e52c02f43d50c947cb3af9cda41646e218aea13547e0c2",
                "sha256:912ee0a465822a8d659413cebc1ab9937ac5850c9cd1e80be478ba209e7c8095",
                "sha256:924afcab6739c453f1c3492701d185d71dc0e5ba15692bd0bfa6d482c7e8f79e",
                "sha256:94f663ad85bc7a89d7e8b6048f93a46d2848a0570ab07fc895a239b9a5d97b93",
                "sha256:9511f4e1f00c822e08dbffeb69e15c75eb294a5f24729815a97807ecf03d22eb",
                "sha256:a3d7759d8a66ee05595bde012f93da8a63499f38205e2bb47022c52bd6c47108",
                "sha256:a5c44f92e9ac6088286292ecb69e970adc2b98e139b8923bce9bbb9d484e6a0f",
                "sha256:a9b33b0ceb472bbc65683467189bd032c162256b2a137586ee3448a9f8f886ec",
                "sha256:ab50ffa66aa201616871c1b90ac0790f56666118db3c8a8fcb3a7a6e03971510",
                "sha256:aea2c7d66b57c56d00f9c45ae7862d86e3ae84368ecea17f3552c0052a7f3bcf",
                "sha256:af765b037404a536c372e33ddd4c430aea28f1d82a8ef51a2955442b8b690577",
                "sha256:b587e8fdd96cc470d6bdf428129c65264731b09b5db442e2d092e983feec4aab",
                "sha256:bdb892dbbbd77b3789a10b2ce5e8acfe5821cc6423e835bae2b489159f3c2211",
                "sha256:c36eccdc866f06a7b35da701bd8f91e0dfc83b35c07aba75ce8c906cbafaf184",
                "sha256:d41fdecd907189e47c7d478e558ad417da38bf3eb34cc20527035cb3fca3e2b8",
                "sha256:d710921657442ad3c942de684aba0bdf16b7de5feed3223b12f3b2517cf17f7c",
                "sha256:da27a9c206249a50701bfa5cfbbb3a04236e1145b2b0967e825438acb14269bf",
                "sha256:dad57327cc90f8daa3afb98e2d274d7dd1b60651f32717449be95d3b3366d61a",
                "sha256:dde57d47962d6a4436d8a3b477bcc8233c6da28e675027eb3a490b0d6dc325be",
                "sha256:df7a8e45176298a1210c06f8b2328030cc3c93a45dab068ac1fbc9cf075cd95b",
                "sha256:e1d7d6e6c98fb785026584373240cc4076ad21033f508973faae05e846206e8c",
                "sha256:e4cf4b7090f0c4075bec1638717f54b22c3b0fe733dc87146a19574346ed3161",
                "sha256:e4fd1757eff43df97227fd63d9c8078582267a0b25cefef6f6a64d3e46e80ba2",
                "sha256:e50c750a45c800d91134200d8cbf746258ed357a663e97cc0348ee42a948386a",
                "sha256:e73712747ac5d2218af3ed3c1600377f18a0a45af95f22c39576165aea2908b4",
                "sha256:e7829368fc91de225f37f6325f8d8ec7ad831dc5b0e9547f1977e2fdc85eccc1",
                "sha256:ed39199b0e806902347473c65e5c05933549cf7e55ba628c6812782f2c310b19",
                "sha256:ee9d9af1bbf194d78f4b69c2139807c23451068b27a053a1400d683d6f36c61d",
                "sha256:f592f9f6179e347a5f518ca7feb9bf3ac068f2fad60ece5a0eef5e5e580d4c8b",
                "sha256:ff304de32ee6acd5387103a0ad584060d8d419aa19cbbeca95204de9c4f01171"
            ],
            "index": "pypi",
            "version": "==1.0.2"
        },
        "jinja2": {
            "hashes": [
                "sha256:077ce6014f7b40d03b47d1f1ca4b0fc8328a692bd284016f806ed0eaca390ad8",
                "sha256:611bb273cd68f3b993fabdc4064fc858c5b47a973cb5aa7999ec1ba405c87cd7"
            ],
            "index": "pypi",
            "version": "==3.0.3"
        },
        "lxml": {
            "hashes": [
                "sha256:078306d19a33920004addeb5f4630781aaeabb6a8d01398045fcde085091a169",
                "sha256:0c1978ff1fd81ed9dcbba4f91cf09faf1f8082c9d72eb122e92294716c605428",
                "sha256:1010042bfcac2b2dc6098260a2ed022968dbdfaf285fc65a3acf8e4eb1ffd1bc",
                "sha256:1d650812b52d98679ed6c6b3b55cbb8fe5a5460a0aef29aeb08dc0b44577df85",
                "sha256:20b8a746a026017acf07da39fdb10aa80ad9877046c9182442bf80c84a1c4696",
                "sha256:2403a6d6fb61c285969b71f4a3527873fe93fd0abe0832d858a17fe68c8fa507",
                "sha256:24f5c5ae618395ed871b3d8ebfcbb36e3f1091fd847bf54c4de623f9107942f3",
                "sha256:28d1af847786f68bec57961f31221125c29d6f52d9187c01cd34dc14e2b29430",
                "sha256:31499847fc5f73ee17dbe1b8e24c6dafc4e8d5b48803d17d22988976b0171f03",
                "sha256:31ba2cbc64516dcdd6c24418daa7abff989ddf3ba6d3ea6f6ce6f2ed6e754ec9",
                "sha256:330bff92c26d4aee79c5bc4d9967858bdbe73fdbdbacb5daf623a03a914fe05b",
                "sha256:5045ee1ccd45a89c4daec1160217d363fcd23811e26734688007c26f28c9e9e7",
                "sha256:52cbf2ff155b19dc4d4100f7442f6a697938bf4493f8d3b0c51d45568d5666b5",
                "sha256:530f278849031b0eb12f46cca0e5db01cfe5177ab13bd6878c6e739319bae654",
                "sha256:545bd39c9481f2e3f2727c78c169425efbfb3fbba6e7db4f46a80ebb249819ca",
                "sha256:5804e04feb4e61babf3911c2a974a5b86f66ee227cc5006230b00ac6d285b3a9",
                "sha256:5a58d0b12f5053e270510bf12f753a76aaf3d74c453c00942ed7d2c804ca845c",
                "sha256:5f148b0c6133fb928503cfcdfdba395010f997aa44bcf6474fcdd0c5398d9b63",
                "sha256:5f7d7d9afc7b293147e2d506a4596641d60181a35279ef3aa5778d0d9d9123fe",
                "sha256:60d2f60bd5a2a979df28ab309352cdcf8181bda0cca4529769a945f09aba06f9",
                "sha256:6259b511b0f2527e6d55ad87acc1c07b3cbffc3d5e050d7e7bcfa151b8202df9",
                "sha256:6268e27873a3d191849204d00d03f65c0e343b3bcb518a6eaae05677c95621d1",
                "sha256:627e79894770783c129cc5e89b947e52aa26e8e0557c7e205368a809da4b7939",
                "sha256:62f93eac69ec0f4be98d1b96f4d6b964855b8255c345c17ff12c20b93f247b68",
                "sha256:6d6483b1229470e1d8835e52e0ff3c6973b9b97b24cd1c116dca90b57a2cc613",
                "sha256:6f7b82934c08e28a2d537d870293236b1000d94d0b4583825ab9649aef7ddf63",
                "sha256:6fe4ef4402df0250b75ba876c3795510d782def5c1e63890bde02d622570d39e",
                "sha256:719544565c2937c21a6f76d520e6e52b726d132815adb3447ccffbe9f44203c4",
                "sha256:730766072fd5dcb219dd2b95c4c49752a54f00157f322bc6d71f7d2a31fecd79",
                "sha256:74eb65ec61e3c7c019d7169387d1b6ffcfea1b9ec5894d116a9a903636e4a0b1",
                "sha256:7993232bd4044392c47779a3c7e8889fea6883be46281d45a81451acfd704d7e",
                "sha256:80bbaddf2baab7e6de4bc47405e34948e694a9efe0861c61cdc23aa774fcb141",
                "sha256:86545e351e879d0b72b620db6a3b96346921fa87b3d366d6c074e5a9a0b8dadb",
                "sha256:891dc8f522d7059ff0024cd3ae79fd224752676447f9c678f2a5c14b84d9a939",
                "sha256:8a31f24e2a0b6317f33aafbb2f0895c0bce772980ae60c2c640d82caac49628a",
                "sha256:8b99ec73073b37f9ebe8caf399001848fced9c08064effdbfc4da2b5a8d07b93",
                "sha256:986b7a96228c9b4942ec420eff37556c5777bfba6758edcb95421e4a614b57f9",
                "sha256:a1547ff4b8a833511eeaceacbcd17b043214fcdb385148f9c1bc5556ca9623e2",
                "sha256:a2bfc7e2a0601b475477c954bf167dee6d0f55cb167e3f3e7cefad906e7759f6",
                "sha256:a3c5f1a719aa11866ffc530d54ad965063a8cbbecae6515acbd5f0fae8f48eaa",
                "sha256:a9f1c3489736ff8e1c7652e9dc39f80cff820f23624f23d9eab6e122ac99b150",
                "sha256:aa0cf4922da7a3c905d000b35065df6184c0dc1d866dd3b86fd961905bbad2ea",
                "sha256:ad4332a532e2d5acb231a2e5d33f943750091ee435daffca3fec0a53224e7e33",
                "sha256:b2582b238e1658c4061ebe1b4df53c435190d22457642377fd0cb30685cdfb76",
                "sha256:b6fc2e2fb6f532cf48b5fed57567ef286addcef38c28874458a41b7837a57807",
                "sha256:b92d40121dcbd74831b690a75533da703750f7041b4bf951befc657c37e5695a",
                "sha256:bbab6faf6568484707acc052f4dfc3802bdb0cafe079383fbaa23f1cdae9ecd4",
                "sha256:c0b88ed1ae66777a798dc54f627e32d3b81c8009967c63993c450ee4cbcbec15",
                "sha256:ce13d6291a5f47c1c8dbd375baa78551053bc6b5e5c0e9bb8e39c0a8359fd52f",
                "sha256:db3535733f59e5605a88a706824dfcb9bd06725e709ecb017e165fc1d6e7d429",
                "sha256:dd10383f1d6b7edf247d0960a3db274c07e96cf3a3fc7c41c8448f93eac3fb1c",
                "sha256:e01f9531ba5420838c801c21c1b0f45dbc9607cb22ea2cf132844453bec863a5",
                "sha256:e11527dc23d5ef44d76fef11213215c34f36af1608074561fcc561d983aeb870",
                "sha256:e1ab2fac607842ac36864e358c42feb0960ae62c34aa4caaf12ada0a1fb5d99b",
                "sha256:e1fd7d2fe11f1cb63d3336d147c852f6d07de0d0020d704c6031b46a30b02ca8",
                "sha256:e9f84ed9f4d50b74fbc77298ee5c870f67cb7e91dcdc1a6915cb1ff6a317476c",
                "sha256:ec4b4e75fc68da9dc0ed73dcdb431c25c57775383fec325d23a770a64e7ebc87",
                "sha256:f10ce66fcdeb3543df51d423ede7e238be98412232fca5daec3e54bcd16b8da0",
                "sha256:f63f62fc60e6228a4ca9abae28228f35e1bd3ce675013d1dfb828688d50c6e23",
                "sha256:fa56bb08b3dd8eac3a8c5b7d075c94e74f755fd9d8a04543ae8d37b1612dd170",
                "sha256:fa9b7c450be85bfc6cd39f6df8c5b8cbd76b5d6fc1f69efec80203f9894b885f"
            ],
            "index": "pypi",
            "version": "==4.8.0"
        },
        "markupsafe": {
            "hashes": [
                "sha256:0212a68688482dc52b2d45013df70d169f542b7394fc744c02a57374a4207003",
                "sha256:089cf3dbf0cd6c100f02945abeb18484bd1ee57a079aefd52cffd17fba910b88",
                "sha256:10c1bfff05d95783da83491be968e8fe789263689c02724e0c691933c52994f5",
                "sha256:33b74d289bd2f5e527beadcaa3f401e0df0a89927c1559c8566c066fa4248ab7",
                "sha256:3799351e2336dc91ea70b034983ee71cf2f9533cdff7c14c90ea126bfd95d65a",
                "sha256:3ce11ee3f23f79dbd06fb3d63e2f6af7b12db1d46932fe7bd8afa259a5996603",
                "sha256:421be9fbf0ffe9ffd7a378aafebbf6f4602d564d34be190fc19a193232fd12b1",
                "sha256:43093fb83d8343aac0b1baa75516da6092f58f41200907ef92448ecab8825135",
                "sha256:46d00d6cfecdde84d40e572d63735ef81423ad31184100411e6e3388d405e247",
                "sha256:4a33dea2b688b3190ee12bd7cfa29d39c9ed176bda40bfa11099a3ce5d3a7ac6",
                "sha256:4b9fe39a2ccc108a4accc2676e77da025ce383c108593d65cc909add5c3bd601",
                "sha256:56442863ed2b06d19c37f94d999035e15ee982988920e12a5b4ba29b62ad1f77",
                "sha256:671cd1187ed5e62818414afe79ed29da836dde67166a9fac6d435873c44fdd02",
                "sha256:694deca8d702d5db21ec83983ce0bb4b26a578e71fbdbd4fdcd387daa90e4d5e",
                "sha256:6a074d34ee7a5ce3effbc526b7083ec9731bb3cbf921bbe1d3005d4d2bdb3a63",
                "sha256:6d0072fea50feec76a4c418096652f2c3238eaa014b2f94aeb1d56a66b41403f",
                "sha256:6fbf47b5d3728c6aea2abb0589b5d30459e369baa772e0f37a0320185e87c980",
                "sha256:7f91197cc9e48f989d12e4e6fbc46495c446636dfc81b9ccf50bb0ec74b91d4b",
                "sha256:86b1f75c4e7c2ac2ccdaec2b9022845dbb81880ca318bb7a0a01fbf7813e3812",
                "sha256:8dc1c72a69aa7e082593c4a203dcf94ddb74bb5c8a731e4e1eb68d031e8498ff",
                "sha256:8e3dcf21f367459434c18e71b2a9532d96547aef8a871872a5bd69a715c15f96",
                "sha256:8e576a51ad59e4bfaac456023a78f6b5e6e7651dcd383bcc3e18d06f9b55d6d1",
                "sha256:96e37a3dc86e80bf81758c152fe66dbf60ed5eca3d26305edf01892257049925",
                "sha256:97a68e6ada378df82bc9f16b800ab77cbf4b2fada0081794318520138c088e4a",
                "sha256:99a2a507ed3ac881b975a2976d59f38c19386d128e7a9a18b7df6fff1fd4c1d6",
                "sha256:a49907dd8420c5685cfa064a1335b6754b74541bbb3706c259c02ed65b644b3e",
                "sha256:b09bf97215625a311f669476f44b8b318b075847b49316d3e28c08e41a7a573f",
                "sha256:b7bd98b796e2b6553da7225aeb61f447f80a1ca64f41d83612e6139ca5213aa4",
                "sha256:b87db4360013327109564f0e591bd2a3b318547bcef31b468a92ee504d07ae4f",
                "sha256:bcb3ed405ed3222f9904899563d6fc492ff75cce56cba05e32eff40e6acbeaa3",
                "sha256:d4306c36ca495956b6d568d276ac11fdd9c30a36f1b6eb928070dc5360b22e1c",
                "sha256:d5ee4f386140395a2c818d149221149c54849dfcfcb9f1debfe07a8b8bd63f9a",
                "sha256:dda30ba7e87fbbb7eab1ec9f58678558fd9a6b8b853530e176eabd064da81417",
                "sha256:e04e26803c9c3851c931eac40c695602c6295b8d432cbe78609649ad9bd2da8a",
                "sha256:e1c0b87e09fa55a220f058d1d49d3fb8df88fbfab58558f1198e08c1e1de842a",
                "sha256:e72591e9ecd94d7feb70c1cbd7be7b3ebea3f548870aa91e2732960fa4d57a37",
                "sha256:e8c843bbcda3a2f1e3c2ab25913c80a3c5376cd00c6e8c4a86a89a28c8dc5452",
                "sha256:efc1913fd2ca4f334418481c7e595c00aad186563bbc1ec76067848c7ca0a933",
                "sha256:f121a1420d4e173a5d96e47e9a0c0dcff965afdf1626d28de1460815f7c4ee7a",
                "sha256:fc7b548b17d238737688817ab67deebb30e8073c95749d55538ed473130ec0c7"
            ],
            "index": "pypi",
            "version": "==2.1.1"
        },
        "numpy": {
            "hashes": [
                "sha256:07a8c89a04997625236c5ecb7afe35a02af3896c8aa01890a849913a2309c676",
                "sha256:08d9b008d0156c70dc392bb3ab3abb6e7a711383c3247b410b39962263576cd4",
                "sha256:201b4d0552831f7250a08d3b38de0d989d6f6e4658b709a02a73c524ccc6ffce",
                "sha256:2c10a93606e0b4b95c9b04b77dc349b398fdfbda382d2a39ba5a822f669a0123",
                "sha256:3ca688e1b9b95d80250bca34b11a05e389b1420d00e87a0d12dc45f131f704a1",
                "sha256:48a3aecd3b997bf452a2dedb11f4e79bc5bfd21a1d4cc760e703c31d57c84b3e",
                "sha256:568dfd16224abddafb1cbcce2ff14f522abe037268514dd7e42c6776a1c3f8e5",
                "sha256:5bfb1bb598e8229c2d5d48db1860bcf4311337864ea3efdbe1171fb0c5da515d",
                "sha256:639b54cdf6aa4f82fe37ebf70401bbb74b8508fddcf4797f9fe59615b8c5813a",
                "sha256:8251ed96f38b47b4295b1ae51631de7ffa8260b5b087808ef09a39a9d66c97ab",
                "sha256:92bfa69cfbdf7dfc3040978ad09a48091143cffb778ec3b03fa170c494118d75",
                "sha256:97098b95aa4e418529099c26558eeb8486e66bd1e53a6b606d684d0c3616b168",
                "sha256:a3bae1a2ed00e90b3ba5f7bd0a7c7999b55d609e0c54ceb2b076a25e345fa9f4",
                "sha256:c34ea7e9d13a70bf2ab64a2532fe149a9aced424cd05a2c4ba662fd989e3e45f",
                "sha256:dbc7601a3b7472d559dc7b933b18b4b66f9aa7452c120e87dfb33d02008c8a18",
                "sha256:e7927a589df200c5e23c57970bafbd0cd322459aa7b1ff73b7c2e84d6e3eae62",
                "sha256:f8c1f39caad2c896bc0018f699882b345b2a63708008be29b1f355ebf6f933fe",
                "sha256:f950f8845b480cffe522913d35567e29dd381b0dc7e4ce6a4a9f9156417d2430",
                "sha256:fade0d4f4d292b6f39951b6836d7a3c7ef5b2347f3c420cd9820a1d90d794802",
                "sha256:fdf3c08bce27132395d3c3ba1503cac12e17282358cb4bddc25cc46b0aca07aa"
            ],
            "index": "pypi",
            "version": "==1.22.3"
        },
        "packaging": {
            "hashes": [
                "sha256:dd47c42927d89ab911e606518907cc2d3a1f38bbd026385970643f9c5b8ecfeb",
                "sha256:ef103e05f519cdc783ae24ea4e2e0f508a9c99b2d4969652eed6a2e1ea5bd522"
            ],
            "markers": "python_version >= '3.6'",
            "version": "==21.3"
        },
        "pandas": {
            "hashes": [
                "sha256:0259cd11e7e6125aaea3af823b80444f3adad6149ff4c97fef760093598b3e34",
                "sha256:04dd15d9db538470900c851498e532ef28d4e56bfe72c9523acb32042de43dfb",
                "sha256:0b1a13f647e4209ed7dbb5da3497891d0045da9785327530ab696417ef478f84",
                "sha256:19f7c632436b1b4f84615c3b127bbd7bc603db95e3d4332ed259dc815c9aaa26",
                "sha256:1b384516dbb4e6aae30e3464c2e77c563da5980440fbdfbd0968e3942f8f9d70",
                "sha256:1d85d5f6be66dfd6d1d8d13b9535e342a2214260f1852654b19fa4d7b8d1218b",
                "sha256:2e5a7a1e0ecaac652326af627a3eca84886da9e667d68286866d4e33f6547caf",
                "sha256:3129a35d9dad1d80c234dd78f8f03141b914395d23f97cf92a366dcd19f8f8bf",
                "sha256:358b0bc98a5ff067132d23bf7a2242ee95db9ea5b7bbc401cf79205f11502fd3",
                "sha256:3dfb32ed50122fe8c5e7f2b8d97387edd742cc78f9ec36f007ee126cd3720907",
                "sha256:4e1176f45981c8ccc8161bc036916c004ca51037a7ed73f2d2a9857e6dbe654f",
                "sha256:508c99debccd15790d526ce6b1624b97a5e1e4ca5b871319fb0ebfd46b8f4dad",
                "sha256:6105af6533f8b63a43ea9f08a2ede04e8f43e49daef0209ab0d30352bcf08bee",
                "sha256:6d6ad1da00c7cc7d8dd1559a6ba59ba3973be6b15722d49738b2be0977eb8a0c",
                "sha256:7ea47ba1d6f359680130bd29af497333be6110de8f4c35b9211eec5a5a9630fa",
                "sha256:8db93ec98ac7cb5f8ac1420c10f5e3c43533153f253fe7fb6d891cf5aa2b80d2",
                "sha256:96e9ece5759f9b47ae43794b6359bbc54805d76e573b161ae770c1ea59393106",
                "sha256:bbb15ad79050e8b8d39ec40dd96a30cd09b886a2ae8848d0df1abba4d5502a67",
                "sha256:c614001129b2a5add5e3677c3a213a9e6fd376204cb8d17c04e84ff7dfc02a73",
                "sha256:e6a7bbbb7950063bfc942f8794bc3e31697c020a14f1cd8905fc1d28ec674a01",
                "sha256:f02e85e6d832be37d7f16cf6ac8bb26b519ace3e5f3235564a91c7f658ab2a43"
            ],
            "index": "pypi",
            "version": "==1.4.1"
        },
        "pluggy": {
            "hashes": [
                "sha256:4224373bacce55f955a878bf9cfa763c1e360858e330072059e10bad68531159",
                "sha256:74134bbf457f031a36d68416e1509f34bd5ccc019f0bcc952c7b909d06b37bd3"
            ],
            "index": "pypi",
            "version": "==1.0.0"
        },
        "py": {
            "hashes": [
                "sha256:51c75c4126074b472f746a24399ad32f6053d1b34b68d2fa41e558e6f4a98719",
                "sha256:607c53218732647dff4acdfcd50cb62615cedf612e72d1724fb1a0cc6405b378"
            ],
            "index": "pypi",
            "version": "==1.11.0"
        },
        "pyparsing": {
            "hashes": [
                "sha256:18ee9022775d270c55187733956460083db60b37d0d0fb357445f3094eed3eea",
                "sha256:a6c06a88f252e6c322f65faf8f418b16213b51bdfaece0524c1c1bc30c63c484"
            ],
            "index": "pypi",
            "version": "==3.0.7"
        },
        "pytest": {
            "hashes": [
                "sha256:b555252a95bbb2a37a97b5ac2eb050c436f7989993565f5e0c9128fcaacadd0e",
                "sha256:f1089d218cfcc63a212c42896f1b7fbf096874d045e1988186861a1a87d27b47"
            ],
            "index": "pypi",
            "version": "==7.1.0"
        },
        "python-dateutil": {
            "hashes": [
                "sha256:0123cacc1627ae19ddf3c27a5de5bd67ee4586fbdd6440d9748f8abb483d3e86",
                "sha256:961d03dc3453ebbc59dbdea9e4e11c5651520a876d0f4db161e8674aae935da9"
            ],
            "index": "pypi",
            "version": "==2.8.2"
        },
        "pytz": {
            "hashes": [
                "sha256:3672058bc3453457b622aab7a1c3bfd5ab0bdae451512f6cf25f64ed37f5b87c",
                "sha256:acad2d8b20a1af07d4e4c9d2e9285c5ed9104354062f275f3fcd88dcef4f1326"
            ],
            "index": "pypi",
            "version": "==2021.3"
        },
        "rapidfuzz": {
            "hashes": [
                "sha256:07ccd298a24de2dadead47e75f23ff747ed3ee551964a8401ccae31a577cebb1",
                "sha256:0fd757a38e14f247d929af7df6762aee2082f7a6882c85a31f17b09a450bbb5e",
                "sha256:1332fb51345e431ba39e075c3dbc222bb9770f0e73c097c7a65c8c2ea331004c",
                "sha256:14234ecc57e1799e24c9dcd230bba02630c4f38ca60c0eb075452313da8e0e95",
                "sha256:1f892f3dd0acfbc2ba0b90d72cac42dd468ac9a8f7ac2179c91c29c22a4f7960",
                "sha256:233024373cb77dc2ef510b5fccac0429edb3294ea631ad777a7e3ff614501578",
                "sha256:2ac560a603d0d1b9d70cc0a376d1adf57ece4195e61351d410e0c7b0fa280cbe",
                "sha256:2c6a47418b86a6b8267a89f253e2b14f9aa8b4b559141b15f8c8a9769d19b109",
                "sha256:2ee380254d8b29d0b0f47a020e7f16375a4d97164b8071b3f94d5c684d744093",
                "sha256:3062ea2a0481196376e364470c682d5ebc22eb5d4c114350f05f079119ea61b8",
                "sha256:34416ee6265dfa1415e9f10c7dafe6a85296117f534f67d00021eeaa661c8d9e",
                "sha256:4044ef50f020f16f99b5979784b648b7ab90cd6bd0d275359818a2c155f9c01d",
                "sha256:42bc2cf64ebbf2a80e6fd03353679de17118a431dce358cfadc7cdb72ac9510a",
                "sha256:46a46b8bab2ceee4877dfb281e94a43197b118d96cb04325e07540f7f9c57324",
                "sha256:49fd3d2a789abc30c811d6ed81db1c5f143caf5e975720bf9ab62c920253d5e9",
                "sha256:603d179205972ebb5b01e7a84ead465d08813d50401216d5cc81fc2589e2c957",
                "sha256:636489517bbd0786f300948f8eba59635f2fb781ecbc2ed19deba3426ee32ab6",
                "sha256:723a48d5937e4a558fb5df553b3d0e0b3cc05de7f7a8d43a920682b796010ab5",
                "sha256:7983ed01b0ac5343bea4d737024576a86a8c68f3c8d811498eb0facf8d3bafc1",
                "sha256:79883fcfc3e550b356d45ac2bf1af391161f9ddb64b1ed504f9a94086b824709",
                "sha256:8157406a1b44cd742d65c65ca8345e47fcc8642148a970626b886fb52b3abd1d",
                "sha256:8c9b344e3f69c5b69ae0c96411d3ee1dab02ec49124471e44ce2a16f6446fa6d",
                "sha256:93bf42784fd74ebf1a8e89ca1596e9bea7f3ac4a61b825ecc6eb2d9893ad6844",
                "sha256:9ec9fd78d40f392cd4ce91dbb17477cd07740d0cb0b7bf44e9ab67c16ee3d5ce",
                "sha256:9fe01ca2cbdb2aee6f80c1fc3a82fa69ee9ef9c44f085a725113b5d12209e05d",
                "sha256:a1e70ec13c00a9f28cce76a29eb5c4e6aeb5dadb9ddb35b74dfe05d503c09a4a",
                "sha256:a934734aa247f57c683932ae0d38653063b2d97540598b551294b40ff242bd62",
                "sha256:a95a45939cbd035c2d4779765a81485215a12fa5f1b912c2738374fad93e753d",
                "sha256:a9959374974fb96d3941334f5f8caeea971ea9718279514748c53d381146c5a7",
                "sha256:ac993b8760c5308d885c300355e2c537daf0696ebc5d30436af83818978e661c",
                "sha256:ad5282cf9921c6dbfe1c58e5af05c3014eabc20afd8fafcc0e6a56e9263875a0",
                "sha256:ae15eb44e014101b208c97a253d850d6fb4a8465f3c9ee8be3508b03135ad0e7",
                "sha256:b2a988b5ff46823e0d5e14b4a1cce3ef13024009115df61d1d3b7ba14678f421",
                "sha256:b306b4a1d42a8dfd5f3daff9a82853f1541e5c74a2ec34515a5e5cd51f3c7307",
                "sha256:be8121175e7096062a312b73823385389635c4dec50a9e0496b29c4ba0b50362",
                "sha256:c42064174035f3633f4a815c38a76514875ca8531fac3f992202a41d1f338a41",
                "sha256:c47fda63c0d9d8275b319cdc226f96b3f1c16a395409442bff566b6de6b7cac9",
                "sha256:c67d650e25a7c281127865cc50c3588d5319200c8a11837df51ab3eead7cf066",
                "sha256:cbfc3fcbbd00edf7f917ad0d6bf46350c64a9910c14d05e1936d436170f2531d",
                "sha256:d06a394e475316aeddbf4bf9691aabf4825f8c1acf87b49abbb7b9dad7e555ae",
                "sha256:d44d74ace68b3ec6dee4501188c74f124da8c940877989baf9f672d51368e171",
                "sha256:d9224115aae07d42b9250d8ca58d5568cab2ddd8720c551aa7de9dcec661ee86",
                "sha256:e7f34f905a0e9fa01cf26b9208daac6523708f9439958397b21b95c6c4fe508b"
            ],
            "index": "pypi",
            "version": "==2.0.7"
        },
        "requests": {
            "hashes": [
                "sha256:68d7c56fd5a8999887728ef304a6d12edc7be74f1cfa47714fc8b414525c9a61",
                "sha256:f22fa1e554c9ddfd16e6e41ac79759e17be9e492b3587efa038054674760e72d"
            ],
            "index": "pypi",
            "version": "==2.27.1"
        },
        "sec-edgar-downloader": {
            "path": "./.lib/sec-edgar-downloader-feature-address_multiple_issues",
            "version": "==4.3.0"
        },
        "six": {
            "hashes": [
                "sha256:1e61c37477a1626458e36f7b1d82aa5c9b094fa4802892072e49de9c60c4c926",
                "sha256:8abb2f1d86890a2dfb989f9a77cfcfd3e47c2a354b01111771326f8aa26e0254"
            ],
            "index": "pypi",
            "version": "==1.16.0"
        },
        "soupsieve": {
            "hashes": [
                "sha256:1a3cca2617c6b38c0343ed661b1fa5de5637f257d4fe22bd9f1338010a1efefb",
                "sha256:b8d49b1cd4f037c7082a9683dfa1801aa2597fb11c3a1155b7a5b94829b4f1f9"
            ],
            "index": "pypi",
            "version": "==2.3.1"
        },
        "sqlalchemy": {
            "hashes": [
                "sha256:04164e0063feb7aedd9d073db0fd496edb244be40d46ea1f0d8990815e4b8c34",
                "sha256:159c2f69dd6efd28e894f261ffca1100690f28210f34cfcd70b895e0ea7a64f3",
                "sha256:199dc6d0068753b6a8c0bd3aceb86a3e782df118260ebc1fa981ea31ee054674",
                "sha256:1bbac3e8293b34c4403d297e21e8f10d2a57756b75cff101dc62186adec725f5",
                "sha256:20e9eba7fd86ef52e0df25bea83b8b518dfdf0bce09b336cfe51671f52aaaa3f",
                "sha256:290cbdf19129ae520d4bdce392648c6fcdbee763bc8f750b53a5ab51880cb9c9",
                "sha256:316270e5867566376e69a0ac738b863d41396e2b63274616817e1d34156dff0e",
                "sha256:3f88a4ee192142eeed3fe173f673ea6ab1f5a863810a9d85dbf6c67a9bd08f97",
                "sha256:4aa96e957141006181ca58e792e900ee511085b8dae06c2d08c00f108280fb8a",
                "sha256:4b2bcab3a914715d332ca783e9bda13bc570d8b9ef087563210ba63082c18c16",
                "sha256:576684771456d02e24078047c2567025f2011977aa342063468577d94e194b00",
                "sha256:5a2e73508f939175363d8a4be9dcdc84cf16a92578d7fa86e6e4ca0e6b3667b2",
                "sha256:5ba59761c19b800bc2e1c9324da04d35ef51e4ee9621ff37534bc2290d258f71",
                "sha256:5dc9801ae9884e822ba942ca493642fb50f049c06b6dbe3178691fce48ceb089",
                "sha256:6fdd2dc5931daab778c2b65b03df6ae68376e028a3098eb624d0909d999885bc",
                "sha256:708973b5d9e1e441188124aaf13c121e5b03b6054c2df59b32219175a25aa13e",
                "sha256:7ff72b3cc9242d1a1c9b84bd945907bf174d74fc2519efe6184d6390a8df478b",
                "sha256:8679f9aba5ac22e7bce54ccd8a77641d3aea3e2d96e73e4356c887ebf8ff1082",
                "sha256:8b9a395122770a6f08ebfd0321546d7379f43505882c7419d7886856a07caa13",
                "sha256:8e1e5d96b744a4f91163290b01045430f3f32579e46d87282449e5b14d27d4ac",
                "sha256:9a0195af6b9050c9322a97cf07514f66fe511968e623ca87b2df5e3cf6349615",
                "sha256:9cb5698c896fa72f88e7ef04ef62572faf56809093180771d9be8d9f2e264a13",
                "sha256:b3f1d9b3aa09ab9adc7f8c4b40fc3e081eb903054c9a6f9ae1633fe15ae503b4",
                "sha256:bb42f9b259c33662c6a9b866012f6908a91731a419e69304e1261ba3ab87b8d1",
                "sha256:bca714d831e5b8860c3ab134c93aec63d1a4f493bed20084f54e3ce9f0a3bf99",
                "sha256:bedd89c34ab62565d44745212814e4b57ef1c24ad4af9b29c504ce40f0dc6558",
                "sha256:bfec934aac7f9fa95fc82147a4ba5db0a8bdc4ebf1e33b585ab8860beb10232f",
                "sha256:c7046f7aa2db445daccc8424f50b47a66c4039c9f058246b43796aa818f8b751",
                "sha256:d7e483f4791fbda60e23926b098702340504f7684ce7e1fd2c1bf02029288423",
                "sha256:dd93162615870c976dba43963a24bb418b28448fef584f30755990c134a06a55",
                "sha256:e4607d2d16330757818c9d6fba322c2e80b4b112ff24295d1343a80b876eb0ed",
                "sha256:e9a680d9665f88346ed339888781f5236347933906c5a56348abb8261282ec48",
                "sha256:edfcf93fd92e2f9eef640b3a7a40db20fe3c1d7c2c74faa41424c63dead61b76",
                "sha256:f7e4a3c0c3c596296b37f8427c467c8e4336dc8d50f8ed38042e8ba79507b2c9",
                "sha256:fff677fa4522dafb5a5e2c0cf909790d5d367326321aeabc0dffc9047cb235bd"
            ],
            "index": "pypi",
            "version": "==1.4.32"
        },
        "sqlalchemy-utils": {
            "hashes": [
                "sha256:622235b1598f97300e4d08820ab024f5219c9a6309937a8b908093f487b4ba54",
                "sha256:9e01d6d3fb52d3926fcd4ea4a13f3540701b751aced0316bff78264402c2ceb4"
            ],
            "index": "pypi",
            "version": "==0.38.2"
        },
        "tomli": {
            "hashes": [
                "sha256:939de3e7a6161af0c887ef91b7d41a53e7c5a1ca976325f429cb46ea9bc30ecc",
                "sha256:de526c12914f0c550d15924c62d72abc48d6fe7364aa87328337a31007fe8a4f"
            ],
            "index": "pypi",
            "version": "==2.0.1"
        },
        "urllib3": {
            "hashes": [
                "sha256:44ece4d53fb1706f667c9bd1c648f5469a2ec925fcf3a776667042d645472c14",
                "sha256:aabaf16477806a5e1dd19aa41f8c2b7950dd3c746362d7e3223dbe6de6ac448e"
            ],
            "index": "pypi",
            "version": "==1.26.9"
        },
        "werkzeug": {
            "hashes": [
                "sha256:1421ebfc7648a39a5c58c601b154165d05cf47a3cd0ccb70857cbdacf6c8f2b8",
                "sha256:b863f8ff057c522164b6067c9e28b041161b4be5ba4d0daceeaa50a163822d3c"
            ],
            "index": "pypi",
            "version": "==2.0.3"
        }
    },
    "develop": {}
}
